
Microsoft Visual Studio Solution File, Format Version 12.00
# Visual Studio Version 16
VisualStudioVersion = 16.0.29503.13
MinimumVisualStudioVersion = 10.0.40219.1
Project("{FAE04EC0-301F-11D3-BF4B-00C04F79EFBC}") = "Sweepstakes", "Sweepstakes\Sweepstakes.csproj", "{02ECE3F2-3DA3-4B7A-B2B4-01433AA03F28}"
EndProject
Project("{FAE04EC0-301F-11D3-BF4B-00C04F79EFBC}") = "Sweepstakes_test", "Sweepstakes_test\Sweepstakes_test.csproj", "{F91CB2A0-D576-4726-8FF3-E1BE39D642EE}"
EndProject
Global
	GlobalSection(SolutionConfigurationPlatforms) = preSolution
		Debug|Any CPU = Debug|Any CPU
		Release|Any CPU = Release|Any CPU
	EndGlobalSection
	GlobalSection(ProjectConfigurationPlatforms) = postSolution
		{02ECE3F2-3DA3-4B7A-B2B4-01433AA03F28}.Debug|Any CPU.ActiveCfg = Debug|Any CPU
		{02ECE3F2-3DA3-4B7A-B2B4-01433AA03F28}.Debug|Any CPU.Build.0 = Debug|Any CPU
		{02ECE3F2-3DA3-4B7A-B2B4-01433AA03F28}.Release|Any CPU.ActiveCfg = Release|Any CPU
		{02ECE3F2-3DA3-4B7A-B2B4-01433AA03F28}.Release|Any CPU.Build.0 = Release|Any CPU
		{F91CB2A0-D576-4726-8FF3-E1BE39D642EE}.Debug|Any CPU.ActiveCfg = Debug|Any CPU
		{F91CB2A0-D576-4726-8FF3-E1BE39D642EE}.Debug|Any CPU.Build.0 = Debug|Any CPU
		{F91CB2A0-D576-4726-8FF3-E1BE39D642EE}.Release|Any CPU.ActiveCfg = Release|Any CPU
		{F91CB2A0-D576-4726-8FF3-E1BE39D642EE}.Release|Any CPU.Build.0 = Release|Any CPU
	EndGlobalSection
	GlobalSection(SolutionProperties) = preSolution
		HideSolutionNode = FALSE
	EndGlobalSection
	GlobalSection(ExtensibilityGlobals) = postSolution
		SolutionGuid = {3151AA74-1FC7-43A2-9867-39E3448568AA}
	EndGlobalSection
EndGlobal
